
Microsoft Visual Studio Solution File, Format Version 12.00
# Visual Studio Version 17
VisualStudioVersion = 17.13.35825.156 d17.13
MinimumVisualStudioVersion = 10.0.40219.1
Project("{FAE04EC0-301F-11D3-BF4B-00C04F79EFBC}") = "Grad_Project_LMS", "Grad_Project_LMS\Grad_Project_LMS.csproj", "{5B09B540-EEFB-4D11-BFF4-81C639D924BE}"
EndProject
Global
	GlobalSection(SolutionConfigurationPlatforms) = preSolution
		Debug|Any CPU = Debug|Any CPU
		Release|Any CPU = Release|Any CPU
	EndGlobalSection
	GlobalSection(ProjectConfigurationPlatforms) = postSolution
		{5B09B540-EEFB-4D11-BFF4-81C639D924BE}.Debug|Any CPU.ActiveCfg = Debug|Any CPU
		{5B09B540-EEFB-4D11-BFF4-81C639D924BE}.Debug|Any CPU.Build.0 = Debug|Any CPU
		{5B09B540-EEFB-4D11-BFF4-81C639D924BE}.Release|Any CPU.ActiveCfg = Release|Any CPU
		{5B09B540-EEFB-4D11-BFF4-81C639D924BE}.Release|Any CPU.Build.0 = Release|Any CPU
	EndGlobalSection
	GlobalSection(SolutionProperties) = preSolution
		HideSolutionNode = FALSE
	EndGlobalSection
	GlobalSection(ExtensibilityGlobals) = postSolution
		SolutionGuid = {2833225A-298D-4D72-86D8-3088153F1138}
	EndGlobalSection
EndGlobal
