
Microsoft Visual Studio Solution File, Format Version 12.00
# Visual Studio Version 17
VisualStudioVersion = 17.13.35825.156
MinimumVisualStudioVersion = 10.0.40219.1
Project("{FAE04EC0-301F-11D3-BF4B-00C04F79EFBC}") = "Grad_Project_LMS", "Grad_Project_LMS\Grad_Project_LMS.csproj", "{5B09B540-EEFB-4D11-BFF4-81C639D924BE}"
EndProject
Project("{2150E333-8FDC-42A3-9474-1A3956D46DE8}") = "src", "src", "{02EA681E-C7D8-13C7-8484-4AC65E1B71E8}"
EndProject
Project("{FAE04EC0-301F-11D3-BF4B-00C04F79EFBC}") = "Domain", "Domain\Domain.csproj", "{C4A159D0-4AD1-4398-B641-B5C54070D463}"
EndProject
Project("{FAE04EC0-301F-11D3-BF4B-00C04F79EFBC}") = "Application", "Application\Application.csproj", "{0D2EB89A-EDE9-4FD5-AA23-621F1A0D2D10}"
EndProject
Project("{FAE04EC0-301F-11D3-BF4B-00C04F79EFBC}") = "Infrastructure", "Infrastructure\Infrastructure.csproj", "{7455BB1F-67F3-4E75-9413-B55F0DF449D5}"
EndProject
Global
	GlobalSection(SolutionConfigurationPlatforms) = preSolution
		Debug|Any CPU = Debug|Any CPU
		Release|Any CPU = Release|Any CPU
	EndGlobalSection
	GlobalSection(ProjectConfigurationPlatforms) = postSolution
		{5B09B540-EEFB-4D11-BFF4-81C639D924BE}.Debug|Any CPU.ActiveCfg = Debug|Any CPU
		{5B09B540-EEFB-4D11-BFF4-81C639D924BE}.Debug|Any CPU.Build.0 = Debug|Any CPU
		{5B09B540-EEFB-4D11-BFF4-81C639D924BE}.Release|Any CPU.ActiveCfg = Release|Any CPU
		{5B09B540-EEFB-4D11-BFF4-81C639D924BE}.Release|Any CPU.Build.0 = Release|Any CPU
		{C4A159D0-4AD1-4398-B641-B5C54070D463}.Debug|Any CPU.ActiveCfg = Debug|Any CPU
		{C4A159D0-4AD1-4398-B641-B5C54070D463}.Debug|Any CPU.Build.0 = Debug|Any CPU
		{C4A159D0-4AD1-4398-B641-B5C54070D463}.Release|Any CPU.ActiveCfg = Release|Any CPU
		{C4A159D0-4AD1-4398-B641-B5C54070D463}.Release|Any CPU.Build.0 = Release|Any CPU
		{0D2EB89A-EDE9-4FD5-AA23-621F1A0D2D10}.Debug|Any CPU.ActiveCfg = Debug|Any CPU
		{0D2EB89A-EDE9-4FD5-AA23-621F1A0D2D10}.Debug|Any CPU.Build.0 = Debug|Any CPU
		{0D2EB89A-EDE9-4FD5-AA23-621F1A0D2D10}.Release|Any CPU.ActiveCfg = Release|Any CPU
		{0D2EB89A-EDE9-4FD5-AA23-621F1A0D2D10}.Release|Any CPU.Build.0 = Release|Any CPU
		{7455BB1F-67F3-4E75-9413-B55F0DF449D5}.Debug|Any CPU.ActiveCfg = Debug|Any CPU
		{7455BB1F-67F3-4E75-9413-B55F0DF449D5}.Debug|Any CPU.Build.0 = Debug|Any CPU
		{7455BB1F-67F3-4E75-9413-B55F0DF449D5}.Release|Any CPU.ActiveCfg = Release|Any CPU
		{7455BB1F-67F3-4E75-9413-B55F0DF449D5}.Release|Any CPU.Build.0 = Release|Any CPU
	EndGlobalSection
	GlobalSection(SolutionProperties) = preSolution
		HideSolutionNode = FALSE
	EndGlobalSection
	GlobalSection(NestedProjects) = preSolution
		{5B09B540-EEFB-4D11-BFF4-81C639D924BE} = {02EA681E-C7D8-13C7-8484-4AC65E1B71E8}
		{C4A159D0-4AD1-4398-B641-B5C54070D463} = {02EA681E-C7D8-13C7-8484-4AC65E1B71E8}
		{0D2EB89A-EDE9-4FD5-AA23-621F1A0D2D10} = {02EA681E-C7D8-13C7-8484-4AC65E1B71E8}
		{7455BB1F-67F3-4E75-9413-B55F0DF449D5} = {02EA681E-C7D8-13C7-8484-4AC65E1B71E8}
	EndGlobalSection
	GlobalSection(ExtensibilityGlobals) = postSolution
		SolutionGuid = {2833225A-298D-4D72-86D8-3088153F1138}
	EndGlobalSection
EndGlobal
